
Microsoft Visual Studio Solution File, Format Version 12.00
# Visual Studio Version 16
VisualStudioVersion = 16.0.30517.126
MinimumVisualStudioVersion = 10.0.40219.1
Project("{FAE04EC0-301F-11D3-BF4B-00C04F79EFBC}") = "Algorithms", "Algorithms.csproj", "{DFE1BA0B-57D7-459D-BB6C-3CD8C39F14FE}"
EndProject
Global
	GlobalSection(SolutionConfigurationPlatforms) = preSolution
		Debug|Any CPU = Debug|Any CPU
		Release|Any CPU = Release|Any CPU
	EndGlobalSection
	GlobalSection(ProjectConfigurationPlatforms) = postSolution
		{DFE1BA0B-57D7-459D-BB6C-3CD8C39F14FE}.Debug|Any CPU.ActiveCfg = Debug|Any CPU
		{DFE1BA0B-57D7-459D-BB6C-3CD8C39F14FE}.Debug|Any CPU.Build.0 = Debug|Any CPU
		{DFE1BA0B-57D7-459D-BB6C-3CD8C39F14FE}.Release|Any CPU.ActiveCfg = Release|Any CPU
		{DFE1BA0B-57D7-459D-BB6C-3CD8C39F14FE}.Release|Any CPU.Build.0 = Release|Any CPU
	EndGlobalSection
	GlobalSection(SolutionProperties) = preSolution
		HideSolutionNode = FALSE
	EndGlobalSection
	GlobalSection(ExtensibilityGlobals) = postSolution
		SolutionGuid = {BF263BF2-464C-42E8-AB28-0A674C411CA8}
	EndGlobalSection
EndGlobal
